
Microsoft Visual Studio Solution File, Format Version 12.00
# Visual Studio Version 16
VisualStudioVersion = 16.0.31005.135
MinimumVisualStudioVersion = 10.0.40219.1
Project("{F184B08F-C81C-45F6-A57F-5ABD9991F28F}") = "Login_form", "Login_form\Login_form.vbproj", "{4396A4B1-35CA-4A1E-9134-E2F0BD42703B}"
EndProject
Global
	GlobalSection(SolutionConfigurationPlatforms) = preSolution
		Debug|Any CPU = Debug|Any CPU
		Release|Any CPU = Release|Any CPU
	EndGlobalSection
	GlobalSection(ProjectConfigurationPlatforms) = postSolution
		{4396A4B1-35CA-4A1E-9134-E2F0BD42703B}.Debug|Any CPU.ActiveCfg = Debug|Any CPU
		{4396A4B1-35CA-4A1E-9134-E2F0BD42703B}.Debug|Any CPU.Build.0 = Debug|Any CPU
		{4396A4B1-35CA-4A1E-9134-E2F0BD42703B}.Release|Any CPU.ActiveCfg = Release|Any CPU
		{4396A4B1-35CA-4A1E-9134-E2F0BD42703B}.Release|Any CPU.Build.0 = Release|Any CPU
	EndGlobalSection
	GlobalSection(SolutionProperties) = preSolution
		HideSolutionNode = FALSE
	EndGlobalSection
	GlobalSection(ExtensibilityGlobals) = postSolution
		SolutionGuid = {8574662D-24AF-486C-9634-741ED49FF9BA}
	EndGlobalSection
EndGlobal
